
Microsoft Visual Studio Solution File, Format Version 12.00
# Visual Studio Version 17
VisualStudioVersion = 17.13.35806.99 d17.13
MinimumVisualStudioVersion = 10.0.40219.1
Project("{FAE04EC0-301F-11D3-BF4B-00C04F79EFBC}") = "Primer Proyecto  Clase02", "Primer Proyecto  Clase02\Primer Proyecto  Clase02.csproj", "{732B8291-8419-4B54-A620-82229D28346F}"
EndProject
Global
	GlobalSection(SolutionConfigurationPlatforms) = preSolution
		Debug|Any CPU = Debug|Any CPU
		Release|Any CPU = Release|Any CPU
	EndGlobalSection
	GlobalSection(ProjectConfigurationPlatforms) = postSolution
		{732B8291-8419-4B54-A620-82229D28346F}.Debug|Any CPU.ActiveCfg = Debug|Any CPU
		{732B8291-8419-4B54-A620-82229D28346F}.Debug|Any CPU.Build.0 = Debug|Any CPU
		{732B8291-8419-4B54-A620-82229D28346F}.Release|Any CPU.ActiveCfg = Release|Any CPU
		{732B8291-8419-4B54-A620-82229D28346F}.Release|Any CPU.Build.0 = Release|Any CPU
	EndGlobalSection
	GlobalSection(SolutionProperties) = preSolution
		HideSolutionNode = FALSE
	EndGlobalSection
	GlobalSection(ExtensibilityGlobals) = postSolution
		SolutionGuid = {4D8AAA4B-FFD7-4DE3-A5C7-832F08B914AC}
	EndGlobalSection
EndGlobal
